{
  "version": 4,
  "terraform_version": "1.1.5",
  "serial": 1,
  "lineage": "6fe7ea2d-1072-3907-c504-4f9922a203f5",
  "outputs": {},
  "resources": [
    {
      "mode": "managed",
      "type": "aws_s3_bucket",
      "name": "state-bucket",
      "provider": "provider[\"registry.terraform.io/hashicorp/aws\"]",
      "instances": [
        {
          "schema_version": 0,
          "attributes": {
            "acceleration_status": "",
            "acl": "private",
            "arn": "arn:aws:s3:::zomato-terraform-state-file-anusha",
            "bucket": "zomato-terraform-state-file-anusha",
            "bucket_domain_name": "zomato-terraform-state-file-anusha.s3.amazonaws.com",
            "bucket_prefix": null,
            "bucket_regional_domain_name": "zomato-terraform-state-file-anusha.s3.ap-south-1.amazonaws.com",
            "cors_rule": [],
            "force_destroy": false,
            "grant": [],
            "hosted_zone_id": "Z11RGJOFQNVJUP",
            "id": "zomato-terraform-state-file-anusha",
            "lifecycle_rule": [],
            "logging": [],
            "object_lock_configuration": [],
            "policy": null,
            "region": "ap-south-1",
            "replication_configuration": [],
            "request_payer": "BucketOwner",
            "server_side_encryption_configuration": [
              {
                "rule": [
                  {
                    "apply_server_side_encryption_by_default": [
                      {
                        "kms_master_key_id": "",
                        "sse_algorithm": "AES256"
                      }
                    ],
                    "bucket_key_enabled": false
                  }
                ]
              }
            ],
            "tags": {
              "Name": "zomato-terraform-state-file-anusha"
            },
            "tags_all": {
              "Name": "zomato-terraform-state-file-anusha"
            },
            "versioning": [
              {
                "enabled": true,
                "mfa_delete": false
              }
            ],
            "website": [],
            "website_domain": null,
            "website_endpoint": null
          },
          "sensitive_attributes": [],
          "private": "bnVsbA=="
        }
      ]
    }
  ]
}
